# This file is generated by running "yarn install" inside your project.
# Manual changes might be lost - proceed with caution!

__metadata:
  version: 6
  cacheKey: 8

"@envelop/core@npm:^2.3.2":
  version: 2.3.2
  resolution: "@envelop/core@npm:2.3.2"
  dependencies:
    "@envelop/types": 2.2.0
  peerDependencies:
    graphql: ^14.0.0 || ^15.0.0 || ^16.0.0
  checksum: 51bed0f6bc7a93905e9d9718d6e849cbd9e1a8a3f12316a46a07a657aeee4bd8c94cef50ca17c37c67f40a52857003c4bc4e61acbfdc467ea869ae030bb021ca
  languageName: node
  linkType: hard

"@envelop/types@npm:2.2.0":
  version: 2.2.0
  resolution: "@envelop/types@npm:2.2.0"
  peerDependencies:
    graphql: ^14.0.0 || ^15.0.0 || ^16.0.0
  checksum: 52f9d1635f310be46a6e1ee28cbde398b8a1dba7a2f11f89175103c8871f67f51a44e72abf6d7766862aa73538d33e7c71ab54868c129f4a2d054d1096aeb3fc
  languageName: node
  linkType: hard

"envelop-plugin-relay-defer@workspace:.":
  version: 0.0.0-use.local
  resolution: "envelop-plugin-relay-defer@workspace:."
  dependencies:
    "@envelop/core": ^2.3.2
    graphql: experimental-stream-defer
    typescript: ^4.6.4
  languageName: unknown
  linkType: soft

"graphql@npm:experimental-stream-defer":
  version: 16.1.0-experimental-stream-defer.6
  resolution: "graphql@npm:16.1.0-experimental-stream-defer.6"
  checksum: 55cbcde8e1fb01dcf482c5cfafa0ad18995bb92397b4e8824ae2b0cd2f10eea6a7445342979d8d28874c2bf2fea1cacbfed8cc0e8ce918a6a87e8275d764e1c4
  languageName: node
  linkType: hard

"typescript@npm:^4.6.4":
  version: 4.6.4
  resolution: "typescript@npm:4.6.4"
  bin:
    tsc: bin/tsc
    tsserver: bin/tsserver
  checksum: e7bfcc39cd4571a63a54e5ea21f16b8445268b9900bf55aee0e02ad981be576acc140eba24f1af5e3c1457767c96cea6d12861768fb386cf3ffb34013718631a
  languageName: node
  linkType: hard

"typescript@patch:typescript@^4.6.4#~builtin<compat/typescript>":
  version: 4.6.4
  resolution: "typescript@patch:typescript@npm%3A4.6.4#~builtin<compat/typescript>::version=4.6.4&hash=7ad353"
  bin:
    tsc: bin/tsc
    tsserver: bin/tsserver
  checksum: 1cb434fbc637d347be90e3a0c6cd05e33c38f941713c8786d3031faf1842c2c148ba91d2fac01e7276b0ae3249b8633f1660e32686cc7a8c6a8fd5361dc52c66
  languageName: node
  linkType: hard
